// !$*UTF8*$!
{
	archiveVersion = 1;
	classes = {
	};
	objectVersion = 56;
	objects = {

/* Begin PBXBuildFile section */
		538B38F52A2F54B300A8DBED /* Task.swift in Sources */ = {isa = PBXBuildFile; fileRef = 538B38F42A2F54B200A8DBED /* Task.swift */; };
		538D90892A29300900A80AAB /* TipPostView.swift in Sources */ = {isa = PBXBuildFile; fileRef = 538D90882A29300900A80AAB /* TipPostView.swift */; };
		538D909C2A2A093200A80AAB /* TipRow.swift in Sources */ = {isa = PBXBuildFile; fileRef = 538D909B2A2A093200A80AAB /* TipRow.swift */; };
		539663BB2A2F5B04007187BF /* BedTimeSettingView.swift in Sources */ = {isa = PBXBuildFile; fileRef = 539663BA2A2F5B04007187BF /* BedTimeSettingView.swift */; };
		539663BD2A2F5B3A007187BF /* TaskCellView.swift in Sources */ = {isa = PBXBuildFile; fileRef = 539663BC2A2F5B3A007187BF /* TaskCellView.swift */; };
		539663C12A2F5EF6007187BF /* tasks.json in Resources */ = {isa = PBXBuildFile; fileRef = 539663C02A2F5EF6007187BF /* tasks.json */; };
		539663C32A2F662F007187BF /* TaskListView.swift in Sources */ = {isa = PBXBuildFile; fileRef = 539663C22A2F662F007187BF /* TaskListView.swift */; };
		53DEDE3B2A28D6FC005A0829 /* TipList.swift in Sources */ = {isa = PBXBuildFile; fileRef = 53DEDE3A2A28D6FC005A0829 /* TipList.swift */; };
		53DEDE3D2A28D712005A0829 /* TipDetail.swift in Sources */ = {isa = PBXBuildFile; fileRef = 53DEDE3C2A28D712005A0829 /* TipDetail.swift */; };
		53E054EE2A2FC016001E8340 /* OnboardingView.swift in Sources */ = {isa = PBXBuildFile; fileRef = 53E054ED2A2FC016001E8340 /* OnboardingView.swift */; };
		53E054F12A2FC822001E8340 /* StartButtonView.swift in Sources */ = {isa = PBXBuildFile; fileRef = 53E054F02A2FC822001E8340 /* StartButtonView.swift */; };
		53E054F52A2FD883001E8340 /* CustomDatePicker.swift in Sources */ = {isa = PBXBuildFile; fileRef = 53E054F42A2FD883001E8340 /* CustomDatePicker.swift */; };
		53E054F72A2FDC9F001E8340 /* WakeUpTimePickerView.swift in Sources */ = {isa = PBXBuildFile; fileRef = 53E054F62A2FDC9F001E8340 /* WakeUpTimePickerView.swift */; };
		53E054F92A30A749001E8340 /* TimeLineView.swift in Sources */ = {isa = PBXBuildFile; fileRef = 53E054F82A30A749001E8340 /* TimeLineView.swift */; };
		53E055052A30E1AF001E8340 /* AppDelegate.swift in Sources */ = {isa = PBXBuildFile; fileRef = 53E055042A30E1AF001E8340 /* AppDelegate.swift */; };
		53E055072A311ECF001E8340 /* Try.swift in Sources */ = {isa = PBXBuildFile; fileRef = 53E055062A311ECF001E8340 /* Try.swift */; };
		53E055082A312BEE001E8340 /* RandomTipView.swift in Sources */ = {isa = PBXBuildFile; fileRef = EE31C99B2A2E1AEA00DD6ADF /* RandomTipView.swift */; };
		E66F1D182A30EED80033A520 /* NotificationManager.swift in Sources */ = {isa = PBXBuildFile; fileRef = E66F1D0E2A30EED80033A520 /* NotificationManager.swift */; };
		E66F1D192A30EED80033A520 /* TaskPersistenceManager.swift in Sources */ = {isa = PBXBuildFile; fileRef = E66F1D0F2A30EED80033A520 /* TaskPersistenceManager.swift */; };
		E66F1D1A2A30EED80033A520 /* TaskManager.swift in Sources */ = {isa = PBXBuildFile; fileRef = E66F1D102A30EED80033A520 /* TaskManager.swift */; };
		E66F1D1B2A30EED80033A520 /* LocationManager.swift in Sources */ = {isa = PBXBuildFile; fileRef = E66F1D112A30EED80033A520 /* LocationManager.swift */; };
		E66F1D1C2A30EED80033A520 /* Tasks.swift in Sources */ = {isa = PBXBuildFile; fileRef = E66F1D132A30EED80033A520 /* Tasks.swift */; };
		E66F1D1D2A30EED80033A520 /* TaskListViews.swift in Sources */ = {isa = PBXBuildFile; fileRef = E66F1D152A30EED80033A520 /* TaskListViews.swift */; };
		E66F1D1E2A30EED80033A520 /* CreateTaskView.swift in Sources */ = {isa = PBXBuildFile; fileRef = E66F1D162A30EED80033A520 /* CreateTaskView.swift */; };
		E66F1D1F2A30EED80033A520 /* NotificationSettingsView.swift in Sources */ = {isa = PBXBuildFile; fileRef = E66F1D172A30EED80033A520 /* NotificationSettingsView.swift */; };
		E6E0D3132A28E0F5003DD154 /* PostButtons.swift in Sources */ = {isa = PBXBuildFile; fileRef = E6E0D3122A28E0F5003DD154 /* PostButtons.swift */; };
		EE28A99D2A27912900736689 /* CalendarView.swift in Sources */ = {isa = PBXBuildFile; fileRef = EE28A99C2A27912900736689 /* CalendarView.swift */; };
		EE28A9A32A2796D800736689 /* CommunityView.swift in Sources */ = {isa = PBXBuildFile; fileRef = EE28A9A22A2796D800736689 /* CommunityView.swift */; };
		EE28A9A52A27976D00736689 /* QuestionView.swift in Sources */ = {isa = PBXBuildFile; fileRef = EE28A9A42A27976D00736689 /* QuestionView.swift */; };
		EE28A9A92A28ADC700736689 /* HttpOperations.swift in Sources */ = {isa = PBXBuildFile; fileRef = EE28A9A82A28ADC700736689 /* HttpOperations.swift */; };
		EE28A9AE2A28B4F300736689 /* Todo.swift in Sources */ = {isa = PBXBuildFile; fileRef = EE28A9AD2A28B4F300736689 /* Todo.swift */; };
		EE28A9B02A28CB5000736689 /* DatabaseTests.swift in Sources */ = {isa = PBXBuildFile; fileRef = EE28A9AF2A28CB5000736689 /* DatabaseTests.swift */; };
		EE28A9B22A28E47900736689 /* Tip.swift in Sources */ = {isa = PBXBuildFile; fileRef = EE28A9B12A28E47900736689 /* Tip.swift */; };
		EE28A9B82A28F0E500736689 /* ModelData.swift in Sources */ = {isa = PBXBuildFile; fileRef = EE28A9B72A28F0E500736689 /* ModelData.swift */; };
		EE8015082A278D1500137787 /* BottomNavigator.swift in Sources */ = {isa = PBXBuildFile; fileRef = EE8015072A278D1500137787 /* BottomNavigator.swift */; };
		EE9B1DE32A2F5346003AAC1C /* QueryView.swift in Sources */ = {isa = PBXBuildFile; fileRef = EE9B1DE22A2F5346003AAC1C /* QueryView.swift */; };
		EE9B1DE52A2F5A3F003AAC1C /* TipPageView.swift in Sources */ = {isa = PBXBuildFile; fileRef = EE9B1DE42A2F5A3F003AAC1C /* TipPageView.swift */; };
		EE9B1DE72A2F5C55003AAC1C /* NewTipButton.swift in Sources */ = {isa = PBXBuildFile; fileRef = EE9B1DE62A2F5C55003AAC1C /* NewTipButton.swift */; };
		EE9B1DE92A2F6C71003AAC1C /* Query.swift in Sources */ = {isa = PBXBuildFile; fileRef = EE9B1DE82A2F6C71003AAC1C /* Query.swift */; };
		EE9B1DEB2A30A987003AAC1C /* LikeButton.swift in Sources */ = {isa = PBXBuildFile; fileRef = EE9B1DEA2A30A987003AAC1C /* LikeButton.swift */; };
		EECEE48D2A24F9F400249177 /* DRP_32App.swift in Sources */ = {isa = PBXBuildFile; fileRef = EECEE48C2A24F9F400249177 /* DRP_32App.swift */; };
		EECEE48F2A24F9F400249177 /* ContentView.swift in Sources */ = {isa = PBXBuildFile; fileRef = EECEE48E2A24F9F400249177 /* ContentView.swift */; };
		EECEE4912A24F9F500249177 /* Assets.xcassets in Resources */ = {isa = PBXBuildFile; fileRef = EECEE4902A24F9F500249177 /* Assets.xcassets */; };
		EECEE4942A24F9F500249177 /* Preview Assets.xcassets in Resources */ = {isa = PBXBuildFile; fileRef = EECEE4932A24F9F500249177 /* Preview Assets.xcassets */; };
		EECEE49E2A24F9F500249177 /* DRP_32Tests.swift in Sources */ = {isa = PBXBuildFile; fileRef = EECEE49D2A24F9F500249177 /* DRP_32Tests.swift */; };
		EECEE4A82A24F9F500249177 /* DRP_32UITests.swift in Sources */ = {isa = PBXBuildFile; fileRef = EECEE4A72A24F9F500249177 /* DRP_32UITests.swift */; };
		EECEE4AA2A24F9F500249177 /* DRP_32UITestsLaunchTests.swift in Sources */ = {isa = PBXBuildFile; fileRef = EECEE4A92A24F9F500249177 /* DRP_32UITestsLaunchTests.swift */; };
/* End PBXBuildFile section */

/* Begin PBXContainerItemProxy section */
		EECEE49A2A24F9F500249177 /* PBXContainerItemProxy */ = {
			isa = PBXContainerItemProxy;
			containerPortal = EECEE4812A24F9F400249177 /* Project object */;
			proxyType = 1;
			remoteGlobalIDString = EECEE4882A24F9F400249177;
			remoteInfo = DRP_32;
		};
		EECEE4A42A24F9F500249177 /* PBXContainerItemProxy */ = {
			isa = PBXContainerItemProxy;
			containerPortal = EECEE4812A24F9F400249177 /* Project object */;
			proxyType = 1;
			remoteGlobalIDString = EECEE4882A24F9F400249177;
			remoteInfo = DRP_32;
		};
/* End PBXContainerItemProxy section */

/* Begin PBXFileReference section */
		538B38F42A2F54B200A8DBED /* Task.swift */ = {isa = PBXFileReference; lastKnownFileType = sourcecode.swift; path = Task.swift; sourceTree = "<group>"; };
		538D90882A29300900A80AAB /* TipPostView.swift */ = {isa = PBXFileReference; lastKnownFileType = sourcecode.swift; path = TipPostView.swift; sourceTree = "<group>"; };
		538D909B2A2A093200A80AAB /* TipRow.swift */ = {isa = PBXFileReference; lastKnownFileType = sourcecode.swift; path = TipRow.swift; sourceTree = "<group>"; };
		539663BA2A2F5B04007187BF /* BedTimeSettingView.swift */ = {isa = PBXFileReference; lastKnownFileType = sourcecode.swift; path = BedTimeSettingView.swift; sourceTree = "<group>"; };
		539663BC2A2F5B3A007187BF /* TaskCellView.swift */ = {isa = PBXFileReference; lastKnownFileType = sourcecode.swift; path = TaskCellView.swift; sourceTree = "<group>"; };
		539663C02A2F5EF6007187BF /* tasks.json */ = {isa = PBXFileReference; fileEncoding = 4; lastKnownFileType = text.json; path = tasks.json; sourceTree = "<group>"; };
		539663C22A2F662F007187BF /* TaskListView.swift */ = {isa = PBXFileReference; lastKnownFileType = sourcecode.swift; path = TaskListView.swift; sourceTree = "<group>"; };
		53DEDE3A2A28D6FC005A0829 /* TipList.swift */ = {isa = PBXFileReference; lastKnownFileType = sourcecode.swift; path = TipList.swift; sourceTree = "<group>"; };
		53DEDE3C2A28D712005A0829 /* TipDetail.swift */ = {isa = PBXFileReference; lastKnownFileType = sourcecode.swift; path = TipDetail.swift; sourceTree = "<group>"; };
		53E054ED2A2FC016001E8340 /* OnboardingView.swift */ = {isa = PBXFileReference; lastKnownFileType = sourcecode.swift; path = OnboardingView.swift; sourceTree = "<group>"; };
		53E054F02A2FC822001E8340 /* StartButtonView.swift */ = {isa = PBXFileReference; lastKnownFileType = sourcecode.swift; path = StartButtonView.swift; sourceTree = "<group>"; };
		53E054F42A2FD883001E8340 /* CustomDatePicker.swift */ = {isa = PBXFileReference; lastKnownFileType = sourcecode.swift; path = CustomDatePicker.swift; sourceTree = "<group>"; };
		53E054F62A2FDC9F001E8340 /* WakeUpTimePickerView.swift */ = {isa = PBXFileReference; lastKnownFileType = sourcecode.swift; path = WakeUpTimePickerView.swift; sourceTree = "<group>"; };
		53E054F82A30A749001E8340 /* TimeLineView.swift */ = {isa = PBXFileReference; lastKnownFileType = sourcecode.swift; path = TimeLineView.swift; sourceTree = "<group>"; };
		53E055042A30E1AF001E8340 /* AppDelegate.swift */ = {isa = PBXFileReference; lastKnownFileType = sourcecode.swift; name = AppDelegate.swift; path = DRP_32/AppDelegate.swift; sourceTree = "<group>"; };
		53E055062A311ECF001E8340 /* Try.swift */ = {isa = PBXFileReference; lastKnownFileType = sourcecode.swift; path = Try.swift; sourceTree = "<group>"; };
		E66F1D0E2A30EED80033A520 /* NotificationManager.swift */ = {isa = PBXFileReference; fileEncoding = 4; lastKnownFileType = sourcecode.swift; path = NotificationManager.swift; sourceTree = "<group>"; };
		E66F1D0F2A30EED80033A520 /* TaskPersistenceManager.swift */ = {isa = PBXFileReference; fileEncoding = 4; lastKnownFileType = sourcecode.swift; path = TaskPersistenceManager.swift; sourceTree = "<group>"; };
		E66F1D102A30EED80033A520 /* TaskManager.swift */ = {isa = PBXFileReference; fileEncoding = 4; lastKnownFileType = sourcecode.swift; path = TaskManager.swift; sourceTree = "<group>"; };
		E66F1D112A30EED80033A520 /* LocationManager.swift */ = {isa = PBXFileReference; fileEncoding = 4; lastKnownFileType = sourcecode.swift; path = LocationManager.swift; sourceTree = "<group>"; };
		E66F1D132A30EED80033A520 /* Tasks.swift */ = {isa = PBXFileReference; fileEncoding = 4; lastKnownFileType = sourcecode.swift; path = Tasks.swift; sourceTree = "<group>"; };
		E66F1D152A30EED80033A520 /* TaskListViews.swift */ = {isa = PBXFileReference; fileEncoding = 4; lastKnownFileType = sourcecode.swift; path = TaskListViews.swift; sourceTree = "<group>"; };
		E66F1D162A30EED80033A520 /* CreateTaskView.swift */ = {isa = PBXFileReference; fileEncoding = 4; lastKnownFileType = sourcecode.swift; path = CreateTaskView.swift; sourceTree = "<group>"; };
		E66F1D172A30EED80033A520 /* NotificationSettingsView.swift */ = {isa = PBXFileReference; fileEncoding = 4; lastKnownFileType = sourcecode.swift; path = NotificationSettingsView.swift; sourceTree = "<group>"; };
		E6E0D3122A28E0F5003DD154 /* PostButtons.swift */ = {isa = PBXFileReference; lastKnownFileType = sourcecode.swift; path = PostButtons.swift; sourceTree = "<group>"; };
		EE28A99C2A27912900736689 /* CalendarView.swift */ = {isa = PBXFileReference; lastKnownFileType = sourcecode.swift; path = CalendarView.swift; sourceTree = "<group>"; };
		EE28A9A22A2796D800736689 /* CommunityView.swift */ = {isa = PBXFileReference; lastKnownFileType = sourcecode.swift; path = CommunityView.swift; sourceTree = "<group>"; };
		EE28A9A42A27976D00736689 /* QuestionView.swift */ = {isa = PBXFileReference; lastKnownFileType = sourcecode.swift; path = QuestionView.swift; sourceTree = "<group>"; };
		EE28A9A82A28ADC700736689 /* HttpOperations.swift */ = {isa = PBXFileReference; lastKnownFileType = sourcecode.swift; path = HttpOperations.swift; sourceTree = "<group>"; };
		EE28A9AD2A28B4F300736689 /* Todo.swift */ = {isa = PBXFileReference; lastKnownFileType = sourcecode.swift; path = Todo.swift; sourceTree = "<group>"; };
		EE28A9AF2A28CB5000736689 /* DatabaseTests.swift */ = {isa = PBXFileReference; lastKnownFileType = sourcecode.swift; path = DatabaseTests.swift; sourceTree = "<group>"; };
		EE28A9B12A28E47900736689 /* Tip.swift */ = {isa = PBXFileReference; lastKnownFileType = sourcecode.swift; path = Tip.swift; sourceTree = "<group>"; };
		EE28A9B72A28F0E500736689 /* ModelData.swift */ = {isa = PBXFileReference; lastKnownFileType = sourcecode.swift; path = ModelData.swift; sourceTree = "<group>"; };
		EE31C99B2A2E1AEA00DD6ADF /* RandomTipView.swift */ = {isa = PBXFileReference; lastKnownFileType = sourcecode.swift; path = RandomTipView.swift; sourceTree = "<group>"; };
		EE8015072A278D1500137787 /* BottomNavigator.swift */ = {isa = PBXFileReference; lastKnownFileType = sourcecode.swift; path = BottomNavigator.swift; sourceTree = "<group>"; };
		EE9B1DE22A2F5346003AAC1C /* QueryView.swift */ = {isa = PBXFileReference; lastKnownFileType = sourcecode.swift; path = QueryView.swift; sourceTree = "<group>"; };
		EE9B1DE42A2F5A3F003AAC1C /* TipPageView.swift */ = {isa = PBXFileReference; lastKnownFileType = sourcecode.swift; path = TipPageView.swift; sourceTree = "<group>"; };
		EE9B1DE62A2F5C55003AAC1C /* NewTipButton.swift */ = {isa = PBXFileReference; lastKnownFileType = sourcecode.swift; path = NewTipButton.swift; sourceTree = "<group>"; };
		EE9B1DE82A2F6C71003AAC1C /* Query.swift */ = {isa = PBXFileReference; lastKnownFileType = sourcecode.swift; path = Query.swift; sourceTree = "<group>"; };
		EE9B1DEA2A30A987003AAC1C /* LikeButton.swift */ = {isa = PBXFileReference; lastKnownFileType = sourcecode.swift; path = LikeButton.swift; sourceTree = "<group>"; };
		EECEE4892A24F9F400249177 /* DRP_32.app */ = {isa = PBXFileReference; explicitFileType = wrapper.application; includeInIndex = 0; path = DRP_32.app; sourceTree = BUILT_PRODUCTS_DIR; };
		EECEE48C2A24F9F400249177 /* DRP_32App.swift */ = {isa = PBXFileReference; lastKnownFileType = sourcecode.swift; path = DRP_32App.swift; sourceTree = "<group>"; };
		EECEE48E2A24F9F400249177 /* ContentView.swift */ = {isa = PBXFileReference; lastKnownFileType = sourcecode.swift; path = ContentView.swift; sourceTree = "<group>"; };
		EECEE4902A24F9F500249177 /* Assets.xcassets */ = {isa = PBXFileReference; lastKnownFileType = folder.assetcatalog; path = Assets.xcassets; sourceTree = "<group>"; };
		EECEE4932A24F9F500249177 /* Preview Assets.xcassets */ = {isa = PBXFileReference; lastKnownFileType = folder.assetcatalog; path = "Preview Assets.xcassets"; sourceTree = "<group>"; };
		EECEE4992A24F9F500249177 /* DRP_32Tests.xctest */ = {isa = PBXFileReference; explicitFileType = wrapper.cfbundle; includeInIndex = 0; path = DRP_32Tests.xctest; sourceTree = BUILT_PRODUCTS_DIR; };
		EECEE49D2A24F9F500249177 /* DRP_32Tests.swift */ = {isa = PBXFileReference; lastKnownFileType = sourcecode.swift; path = DRP_32Tests.swift; sourceTree = "<group>"; };
		EECEE4A32A24F9F500249177 /* DRP_32UITests.xctest */ = {isa = PBXFileReference; explicitFileType = wrapper.cfbundle; includeInIndex = 0; path = DRP_32UITests.xctest; sourceTree = BUILT_PRODUCTS_DIR; };
		EECEE4A72A24F9F500249177 /* DRP_32UITests.swift */ = {isa = PBXFileReference; lastKnownFileType = sourcecode.swift; path = DRP_32UITests.swift; sourceTree = "<group>"; };
		EECEE4A92A24F9F500249177 /* DRP_32UITestsLaunchTests.swift */ = {isa = PBXFileReference; lastKnownFileType = sourcecode.swift; path = DRP_32UITestsLaunchTests.swift; sourceTree = "<group>"; };
/* End PBXFileReference section */

/* Begin PBXFrameworksBuildPhase section */
		EECEE4862A24F9F400249177 /* Frameworks */ = {
			isa = PBXFrameworksBuildPhase;
			buildActionMask = 2147483647;
			files = (
			);
			runOnlyForDeploymentPostprocessing = 0;
		};
		EECEE4962A24F9F500249177 /* Frameworks */ = {
			isa = PBXFrameworksBuildPhase;
			buildActionMask = 2147483647;
			files = (
			);
			runOnlyForDeploymentPostprocessing = 0;
		};
		EECEE4A02A24F9F500249177 /* Frameworks */ = {
			isa = PBXFrameworksBuildPhase;
			buildActionMask = 2147483647;
			files = (
			);
			runOnlyForDeploymentPostprocessing = 0;
		};
/* End PBXFrameworksBuildPhase section */

/* Begin PBXGroup section */
		538D90872A292D5200A80AAB /* Community */ = {
			isa = PBXGroup;
			children = (
				EE28A9A22A2796D800736689 /* CommunityView.swift */,
				53DEDE352A28D593005A0829 /* TipView */,
				E6E0D3112A28E0CF003DD154 /* PostButtonView */,
			);
			path = Community;
			sourceTree = "<group>";
		};
		539663B22A2F5805007187BF /* RoutineView */ = {
			isa = PBXGroup;
			children = (
				53E054FE2A30B6C1001E8340 /* Setting */,
				53E054F82A30A749001E8340 /* TimeLineView.swift */,
			);
			path = RoutineView;
			sourceTree = "<group>";
		};
		539663BF2A2F5EA0007187BF /* Resource */ = {
			isa = PBXGroup;
			children = (
				539663C02A2F5EF6007187BF /* tasks.json */,
			);
			name = Resource;
			path = DRP_32/Resource;
			sourceTree = "<group>";
		};
		53DEDE352A28D593005A0829 /* TipView */ = {
			isa = PBXGroup;
			children = (
				53DEDE3A2A28D6FC005A0829 /* TipList.swift */,
				53DEDE3C2A28D712005A0829 /* TipDetail.swift */,
				538D909B2A2A093200A80AAB /* TipRow.swift */,
			);
			path = TipView;
			sourceTree = "<group>";
		};
		53E054EF2A2FC80B001E8340 /* OnboardView */ = {
			isa = PBXGroup;
			children = (
				53E054ED2A2FC016001E8340 /* OnboardingView.swift */,
				53E054F02A2FC822001E8340 /* StartButtonView.swift */,
			);
			path = OnboardView;
			sourceTree = "<group>";
		};
		53E054FE2A30B6C1001E8340 /* Setting */ = {
			isa = PBXGroup;
			children = (
				539663BA2A2F5B04007187BF /* BedTimeSettingView.swift */,
				539663BC2A2F5B3A007187BF /* TaskCellView.swift */,
				539663C22A2F662F007187BF /* TaskListView.swift */,
				53E054F42A2FD883001E8340 /* CustomDatePicker.swift */,
				53E054F62A2FDC9F001E8340 /* WakeUpTimePickerView.swift */,
			);
			path = Setting;
			sourceTree = "<group>";
		};
		E66F1D0C2A30EED80033A520 /* Notification */ = {
			isa = PBXGroup;
			children = (
				E66F1D0D2A30EED80033A520 /* Managers */,
				E66F1D122A30EED80033A520 /* Model */,
				E66F1D142A30EED80033A520 /* Views */,
				53E055062A311ECF001E8340 /* Try.swift */,
			);
			path = Notification;
			sourceTree = "<group>";
		};
		E66F1D0D2A30EED80033A520 /* Managers */ = {
			isa = PBXGroup;
			children = (
				E66F1D0E2A30EED80033A520 /* NotificationManager.swift */,
				E66F1D0F2A30EED80033A520 /* TaskPersistenceManager.swift */,
				E66F1D102A30EED80033A520 /* TaskManager.swift */,
				E66F1D112A30EED80033A520 /* LocationManager.swift */,
			);
			path = Managers;
			sourceTree = "<group>";
		};
		E66F1D122A30EED80033A520 /* Model */ = {
			isa = PBXGroup;
			children = (
				E66F1D132A30EED80033A520 /* Tasks.swift */,
			);
			path = Model;
			sourceTree = "<group>";
		};
		E66F1D142A30EED80033A520 /* Views */ = {
			isa = PBXGroup;
			children = (
				E66F1D152A30EED80033A520 /* TaskListViews.swift */,
				E66F1D162A30EED80033A520 /* CreateTaskView.swift */,
				E66F1D172A30EED80033A520 /* NotificationSettingsView.swift */,
			);
			path = Views;
			sourceTree = "<group>";
		};
		E6E0D3112A28E0CF003DD154 /* PostButtonView */ = {
			isa = PBXGroup;
			children = (
				E6E0D3122A28E0F5003DD154 /* PostButtons.swift */,
				538D90882A29300900A80AAB /* TipPostView.swift */,
			);
			path = PostButtonView;
			sourceTree = "<group>";
		};
		EE28A9A62A27982C00736689 /* BottomNavigator */ = {
			isa = PBXGroup;
			children = (
				EE8015072A278D1500137787 /* BottomNavigator.swift */,
				EE28A99C2A27912900736689 /* CalendarView.swift */,
				EE28A9A42A27976D00736689 /* QuestionView.swift */,
			);
			path = BottomNavigator;
			sourceTree = "<group>";
		};
		EE28A9A72A28AD1500736689 /* Communicate */ = {
			isa = PBXGroup;
			children = (
				EE28A9A82A28ADC700736689 /* HttpOperations.swift */,
			);
			path = Communicate;
			sourceTree = "<group>";
		};
		EE28A9AA2A28AF1300736689 /* Model */ = {
			isa = PBXGroup;
			children = (
				EE28A9AD2A28B4F300736689 /* Todo.swift */,
				EE28A9B12A28E47900736689 /* Tip.swift */,
				EE28A9B72A28F0E500736689 /* ModelData.swift */,
				EE9B1DE82A2F6C71003AAC1C /* Query.swift */,
				538B38F42A2F54B200A8DBED /* Task.swift */,
			);
			path = Model;
			sourceTree = "<group>";
		};
		EE8015062A278CA500137787 /* Views */ = {
			isa = PBXGroup;
			children = (
				EE9B1DE12A2F52E7003AAC1C /* PersonalizedTipView */,
				53E054EF2A2FC80B001E8340 /* OnboardView */,
				539663B22A2F5805007187BF /* RoutineView */,
				538D90872A292D5200A80AAB /* Community */,
				EECEE48E2A24F9F400249177 /* ContentView.swift */,
				EE28A9A62A27982C00736689 /* BottomNavigator */,
			);
			path = Views;
			sourceTree = "<group>";
		};
		EE9B1DE12A2F52E7003AAC1C /* PersonalizedTipView */ = {
			isa = PBXGroup;
			children = (
				EE9B1DE22A2F5346003AAC1C /* QueryView.swift */,
				EE9B1DE42A2F5A3F003AAC1C /* TipPageView.swift */,
				EE31C99B2A2E1AEA00DD6ADF /* RandomTipView.swift */,
				EE9B1DE62A2F5C55003AAC1C /* NewTipButton.swift */,
				EE9B1DEA2A30A987003AAC1C /* LikeButton.swift */,
			);
			path = PersonalizedTipView;
			sourceTree = "<group>";
		};
		EECEE4802A24F9F400249177 = {
			isa = PBXGroup;
			children = (
				53E055042A30E1AF001E8340 /* AppDelegate.swift */,
				539663BF2A2F5EA0007187BF /* Resource */,
				EECEE48B2A24F9F400249177 /* DRP_32 */,
				EECEE49C2A24F9F500249177 /* DRP_32Tests */,
				EECEE4A62A24F9F500249177 /* DRP_32UITests */,
				EECEE48A2A24F9F400249177 /* Products */,
			);
			sourceTree = "<group>";
		};
		EECEE48A2A24F9F400249177 /* Products */ = {
			isa = PBXGroup;
			children = (
				EECEE4892A24F9F400249177 /* DRP_32.app */,
				EECEE4992A24F9F500249177 /* DRP_32Tests.xctest */,
				EECEE4A32A24F9F500249177 /* DRP_32UITests.xctest */,
			);
			name = Products;
			sourceTree = "<group>";
		};
		EECEE48B2A24F9F400249177 /* DRP_32 */ = {
			isa = PBXGroup;
			children = (
				EECEE48C2A24F9F400249177 /* DRP_32App.swift */,
				E66F1D0C2A30EED80033A520 /* Notification */,
				EE28A9AA2A28AF1300736689 /* Model */,
				EE28A9A72A28AD1500736689 /* Communicate */,
				EE8015062A278CA500137787 /* Views */,
				EECEE4902A24F9F500249177 /* Assets.xcassets */,
				EECEE4922A24F9F500249177 /* Preview Content */,
			);
			path = DRP_32;
			sourceTree = "<group>";
		};
		EECEE4922A24F9F500249177 /* Preview Content */ = {
			isa = PBXGroup;
			children = (
				EECEE4932A24F9F500249177 /* Preview Assets.xcassets */,
			);
			path = "Preview Content";
			sourceTree = "<group>";
		};
		EECEE49C2A24F9F500249177 /* DRP_32Tests */ = {
			isa = PBXGroup;
			children = (
				EECEE49D2A24F9F500249177 /* DRP_32Tests.swift */,
				EE28A9AF2A28CB5000736689 /* DatabaseTests.swift */,
			);
			path = DRP_32Tests;
			sourceTree = "<group>";
		};
		EECEE4A62A24F9F500249177 /* DRP_32UITests */ = {
			isa = PBXGroup;
			children = (
				EECEE4A72A24F9F500249177 /* DRP_32UITests.swift */,
				EECEE4A92A24F9F500249177 /* DRP_32UITestsLaunchTests.swift */,
			);
			path = DRP_32UITests;
			sourceTree = "<group>";
		};
/* End PBXGroup section */

/* Begin PBXNativeTarget section */
		EECEE4882A24F9F400249177 /* DRP_32 */ = {
			isa = PBXNativeTarget;
			buildConfigurationList = EECEE4AD2A24F9F500249177 /* Build configuration list for PBXNativeTarget "DRP_32" */;
			buildPhases = (
				EECEE4852A24F9F400249177 /* Sources */,
				EECEE4862A24F9F400249177 /* Frameworks */,
				EECEE4872A24F9F400249177 /* Resources */,
			);
			buildRules = (
			);
			dependencies = (
			);
			name = DRP_32;
			productName = DRP_32;
			productReference = EECEE4892A24F9F400249177 /* DRP_32.app */;
			productType = "com.apple.product-type.application";
		};
		EECEE4982A24F9F500249177 /* DRP_32Tests */ = {
			isa = PBXNativeTarget;
			buildConfigurationList = EECEE4B02A24F9F500249177 /* Build configuration list for PBXNativeTarget "DRP_32Tests" */;
			buildPhases = (
				EECEE4952A24F9F500249177 /* Sources */,
				EECEE4962A24F9F500249177 /* Frameworks */,
				EECEE4972A24F9F500249177 /* Resources */,
			);
			buildRules = (
			);
			dependencies = (
				EECEE49B2A24F9F500249177 /* PBXTargetDependency */,
			);
			name = DRP_32Tests;
			productName = DRP_32Tests;
			productReference = EECEE4992A24F9F500249177 /* DRP_32Tests.xctest */;
			productType = "com.apple.product-type.bundle.unit-test";
		};
		EECEE4A22A24F9F500249177 /* DRP_32UITests */ = {
			isa = PBXNativeTarget;
			buildConfigurationList = EECEE4B32A24F9F500249177 /* Build configuration list for PBXNativeTarget "DRP_32UITests" */;
			buildPhases = (
				EECEE49F2A24F9F500249177 /* Sources */,
				EECEE4A02A24F9F500249177 /* Frameworks */,
				EECEE4A12A24F9F500249177 /* Resources */,
			);
			buildRules = (
			);
			dependencies = (
				EECEE4A52A24F9F500249177 /* PBXTargetDependency */,
			);
			name = DRP_32UITests;
			productName = DRP_32UITests;
			productReference = EECEE4A32A24F9F500249177 /* DRP_32UITests.xctest */;
			productType = "com.apple.product-type.bundle.ui-testing";
		};
/* End PBXNativeTarget section */

/* Begin PBXProject section */
		EECEE4812A24F9F400249177 /* Project object */ = {
			isa = PBXProject;
			attributes = {
				BuildIndependentTargetsInParallel = 1;
				LastSwiftUpdateCheck = 1430;
				LastUpgradeCheck = 1430;
				TargetAttributes = {
					EECEE4882A24F9F400249177 = {
						CreatedOnToolsVersion = 14.3;
					};
					EECEE4982A24F9F500249177 = {
						CreatedOnToolsVersion = 14.3;
						TestTargetID = EECEE4882A24F9F400249177;
					};
					EECEE4A22A24F9F500249177 = {
						CreatedOnToolsVersion = 14.3;
						TestTargetID = EECEE4882A24F9F400249177;
					};
				};
			};
			buildConfigurationList = EECEE4842A24F9F400249177 /* Build configuration list for PBXProject "DRP_32" */;
			compatibilityVersion = "Xcode 14.0";
			developmentRegion = en;
			hasScannedForEncodings = 0;
			knownRegions = (
				en,
				Base,
			);
			mainGroup = EECEE4802A24F9F400249177;
			productRefGroup = EECEE48A2A24F9F400249177 /* Products */;
			projectDirPath = "";
			projectRoot = "";
			targets = (
				EECEE4882A24F9F400249177 /* DRP_32 */,
				EECEE4982A24F9F500249177 /* DRP_32Tests */,
				EECEE4A22A24F9F500249177 /* DRP_32UITests */,
			);
		};
/* End PBXProject section */

/* Begin PBXResourcesBuildPhase section */
		EECEE4872A24F9F400249177 /* Resources */ = {
			isa = PBXResourcesBuildPhase;
			buildActionMask = 2147483647;
			files = (
				EECEE4942A24F9F500249177 /* Preview Assets.xcassets in Resources */,
				EECEE4912A24F9F500249177 /* Assets.xcassets in Resources */,
				539663C12A2F5EF6007187BF /* tasks.json in Resources */,
			);
			runOnlyForDeploymentPostprocessing = 0;
		};
		EECEE4972A24F9F500249177 /* Resources */ = {
			isa = PBXResourcesBuildPhase;
			buildActionMask = 2147483647;
			files = (
			);
			runOnlyForDeploymentPostprocessing = 0;
		};
		EECEE4A12A24F9F500249177 /* Resources */ = {
			isa = PBXResourcesBuildPhase;
			buildActionMask = 2147483647;
			files = (
			);
			runOnlyForDeploymentPostprocessing = 0;
		};
/* End PBXResourcesBuildPhase section */

/* Begin PBXSourcesBuildPhase section */
		EECEE4852A24F9F400249177 /* Sources */ = {
			isa = PBXSourcesBuildPhase;
			buildActionMask = 2147483647;
			files = (
				53E055082A312BEE001E8340 /* RandomTipView.swift in Sources */,
				EE9B1DE92A2F6C71003AAC1C /* Query.swift in Sources */,
				E66F1D1E2A30EED80033A520 /* CreateTaskView.swift in Sources */,
				539663BB2A2F5B04007187BF /* BedTimeSettingView.swift in Sources */,
				539663BD2A2F5B3A007187BF /* TaskCellView.swift in Sources */,
				EE28A9A92A28ADC700736689 /* HttpOperations.swift in Sources */,
				E66F1D1D2A30EED80033A520 /* TaskListViews.swift in Sources */,
				EE8015082A278D1500137787 /* BottomNavigator.swift in Sources */,
				53E054F92A30A749001E8340 /* TimeLineView.swift in Sources */,
				538D909C2A2A093200A80AAB /* TipRow.swift in Sources */,
				EECEE48F2A24F9F400249177 /* ContentView.swift in Sources */,
				53E054EE2A2FC016001E8340 /* OnboardingView.swift in Sources */,
				539663C32A2F662F007187BF /* TaskListView.swift in Sources */,
				53DEDE3B2A28D6FC005A0829 /* TipList.swift in Sources */,
				53E054F72A2FDC9F001E8340 /* WakeUpTimePickerView.swift in Sources */,
				EE28A9A52A27976D00736689 /* QuestionView.swift in Sources */,
				53E055052A30E1AF001E8340 /* AppDelegate.swift in Sources */,
				538D90892A29300900A80AAB /* TipPostView.swift in Sources */,
				E66F1D1A2A30EED80033A520 /* TaskManager.swift in Sources */,
				53E055072A311ECF001E8340 /* Try.swift in Sources */,
				E66F1D182A30EED80033A520 /* NotificationManager.swift in Sources */,
				E66F1D192A30EED80033A520 /* TaskPersistenceManager.swift in Sources */,
				EE28A9B22A28E47900736689 /* Tip.swift in Sources */,
				EE9B1DE72A2F5C55003AAC1C /* NewTipButton.swift in Sources */,
				E6E0D3132A28E0F5003DD154 /* PostButtons.swift in Sources */,
				EECEE48D2A24F9F400249177 /* DRP_32App.swift in Sources */,
				EE9B1DEB2A30A987003AAC1C /* LikeButton.swift in Sources */,
				E66F1D1F2A30EED80033A520 /* NotificationSettingsView.swift in Sources */,
				E66F1D1C2A30EED80033A520 /* Tasks.swift in Sources */,
				EE28A99D2A27912900736689 /* CalendarView.swift in Sources */,
				53DEDE3D2A28D712005A0829 /* TipDetail.swift in Sources */,
				EE9B1DE32A2F5346003AAC1C /* QueryView.swift in Sources */,
				538B38F52A2F54B300A8DBED /* Task.swift in Sources */,
				53E054F52A2FD883001E8340 /* CustomDatePicker.swift in Sources */,
				EE28A9AE2A28B4F300736689 /* Todo.swift in Sources */,
				EE9B1DE52A2F5A3F003AAC1C /* TipPageView.swift in Sources */,
				53E054F12A2FC822001E8340 /* StartButtonView.swift in Sources */,
				EE28A9A32A2796D800736689 /* CommunityView.swift in Sources */,
				EE28A9B82A28F0E500736689 /* ModelData.swift in Sources */,
				E66F1D1B2A30EED80033A520 /* LocationManager.swift in Sources */,
			);
			runOnlyForDeploymentPostprocessing = 0;
		};
		EECEE4952A24F9F500249177 /* Sources */ = {
			isa = PBXSourcesBuildPhase;
			buildActionMask = 2147483647;
			files = (
				EE28A9B02A28CB5000736689 /* DatabaseTests.swift in Sources */,
				EECEE49E2A24F9F500249177 /* DRP_32Tests.swift in Sources */,
			);
			runOnlyForDeploymentPostprocessing = 0;
		};
		EECEE49F2A24F9F500249177 /* Sources */ = {
			isa = PBXSourcesBuildPhase;
			buildActionMask = 2147483647;
			files = (
				EECEE4AA2A24F9F500249177 /* DRP_32UITestsLaunchTests.swift in Sources */,
				EECEE4A82A24F9F500249177 /* DRP_32UITests.swift in Sources */,
			);
			runOnlyForDeploymentPostprocessing = 0;
		};
/* End PBXSourcesBuildPhase section */

/* Begin PBXTargetDependency section */
		EECEE49B2A24F9F500249177 /* PBXTargetDependency */ = {
			isa = PBXTargetDependency;
			target = EECEE4882A24F9F400249177 /* DRP_32 */;
			targetProxy = EECEE49A2A24F9F500249177 /* PBXContainerItemProxy */;
		};
		EECEE4A52A24F9F500249177 /* PBXTargetDependency */ = {
			isa = PBXTargetDependency;
			target = EECEE4882A24F9F400249177 /* DRP_32 */;
			targetProxy = EECEE4A42A24F9F500249177 /* PBXContainerItemProxy */;
		};
/* End PBXTargetDependency section */

/* Begin XCBuildConfiguration section */
		EECEE4AB2A24F9F500249177 /* Debug */ = {
			isa = XCBuildConfiguration;
			buildSettings = {
				ALWAYS_SEARCH_USER_PATHS = NO;
				CLANG_ANALYZER_NONNULL = YES;
				CLANG_ANALYZER_NUMBER_OBJECT_CONVERSION = YES_AGGRESSIVE;
				CLANG_CXX_LANGUAGE_STANDARD = "gnu++20";
				CLANG_ENABLE_MODULES = YES;
				CLANG_ENABLE_OBJC_ARC = YES;
				CLANG_ENABLE_OBJC_WEAK = YES;
				CLANG_WARN_BLOCK_CAPTURE_AUTORELEASING = YES;
				CLANG_WARN_BOOL_CONVERSION = YES;
				CLANG_WARN_COMMA = YES;
				CLANG_WARN_CONSTANT_CONVERSION = YES;
				CLANG_WARN_DEPRECATED_OBJC_IMPLEMENTATIONS = YES;
				CLANG_WARN_DIRECT_OBJC_ISA_USAGE = YES_ERROR;
				CLANG_WARN_DOCUMENTATION_COMMENTS = YES;
				CLANG_WARN_EMPTY_BODY = YES;
				CLANG_WARN_ENUM_CONVERSION = YES;
				CLANG_WARN_INFINITE_RECURSION = YES;
				CLANG_WARN_INT_CONVERSION = YES;
				CLANG_WARN_NON_LITERAL_NULL_CONVERSION = YES;
				CLANG_WARN_OBJC_IMPLICIT_RETAIN_SELF = YES;
				CLANG_WARN_OBJC_LITERAL_CONVERSION = YES;
				CLANG_WARN_OBJC_ROOT_CLASS = YES_ERROR;
				CLANG_WARN_QUOTED_INCLUDE_IN_FRAMEWORK_HEADER = YES;
				CLANG_WARN_RANGE_LOOP_ANALYSIS = YES;
				CLANG_WARN_STRICT_PROTOTYPES = YES;
				CLANG_WARN_SUSPICIOUS_MOVE = YES;
				CLANG_WARN_UNGUARDED_AVAILABILITY = YES_AGGRESSIVE;
				CLANG_WARN_UNREACHABLE_CODE = YES;
				CLANG_WARN__DUPLICATE_METHOD_MATCH = YES;
				COPY_PHASE_STRIP = NO;
				DEBUG_INFORMATION_FORMAT = dwarf;
				ENABLE_STRICT_OBJC_MSGSEND = YES;
				ENABLE_TESTABILITY = YES;
				GCC_C_LANGUAGE_STANDARD = gnu11;
				GCC_DYNAMIC_NO_PIC = NO;
				GCC_NO_COMMON_BLOCKS = YES;
				GCC_OPTIMIZATION_LEVEL = 0;
				GCC_PREPROCESSOR_DEFINITIONS = (
					"DEBUG=1",
					"$(inherited)",
				);
				GCC_WARN_64_TO_32_BIT_CONVERSION = YES;
				GCC_WARN_ABOUT_RETURN_TYPE = YES_ERROR;
				GCC_WARN_UNDECLARED_SELECTOR = YES;
				GCC_WARN_UNINITIALIZED_AUTOS = YES_AGGRESSIVE;
				GCC_WARN_UNUSED_FUNCTION = YES;
				GCC_WARN_UNUSED_VARIABLE = YES;
				IPHONEOS_DEPLOYMENT_TARGET = 16.4;
				MTL_ENABLE_DEBUG_INFO = INCLUDE_SOURCE;
				MTL_FAST_MATH = YES;
				ONLY_ACTIVE_ARCH = YES;
				SDKROOT = iphoneos;
				SWIFT_ACTIVE_COMPILATION_CONDITIONS = DEBUG;
				SWIFT_OPTIMIZATION_LEVEL = "-Onone";
			};
			name = Debug;
		};
		EECEE4AC2A24F9F500249177 /* Release */ = {
			isa = XCBuildConfiguration;
			buildSettings = {
				ALWAYS_SEARCH_USER_PATHS = NO;
				CLANG_ANALYZER_NONNULL = YES;
				CLANG_ANALYZER_NUMBER_OBJECT_CONVERSION = YES_AGGRESSIVE;
				CLANG_CXX_LANGUAGE_STANDARD = "gnu++20";
				CLANG_ENABLE_MODULES = YES;
				CLANG_ENABLE_OBJC_ARC = YES;
				CLANG_ENABLE_OBJC_WEAK = YES;
				CLANG_WARN_BLOCK_CAPTURE_AUTORELEASING = YES;
				CLANG_WARN_BOOL_CONVERSION = YES;
				CLANG_WARN_COMMA = YES;
				CLANG_WARN_CONSTANT_CONVERSION = YES;
				CLANG_WARN_DEPRECATED_OBJC_IMPLEMENTATIONS = YES;
				CLANG_WARN_DIRECT_OBJC_ISA_USAGE = YES_ERROR;
				CLANG_WARN_DOCUMENTATION_COMMENTS = YES;
				CLANG_WARN_EMPTY_BODY = YES;
				CLANG_WARN_ENUM_CONVERSION = YES;
				CLANG_WARN_INFINITE_RECURSION = YES;
				CLANG_WARN_INT_CONVERSION = YES;
				CLANG_WARN_NON_LITERAL_NULL_CONVERSION = YES;
				CLANG_WARN_OBJC_IMPLICIT_RETAIN_SELF = YES;
				CLANG_WARN_OBJC_LITERAL_CONVERSION = YES;
				CLANG_WARN_OBJC_ROOT_CLASS = YES_ERROR;
				CLANG_WARN_QUOTED_INCLUDE_IN_FRAMEWORK_HEADER = YES;
				CLANG_WARN_RANGE_LOOP_ANALYSIS = YES;
				CLANG_WARN_STRICT_PROTOTYPES = YES;
				CLANG_WARN_SUSPICIOUS_MOVE = YES;
				CLANG_WARN_UNGUARDED_AVAILABILITY = YES_AGGRESSIVE;
				CLANG_WARN_UNREACHABLE_CODE = YES;
				CLANG_WARN__DUPLICATE_METHOD_MATCH = YES;
				COPY_PHASE_STRIP = NO;
				DEBUG_INFORMATION_FORMAT = "dwarf-with-dsym";
				ENABLE_NS_ASSERTIONS = NO;
				ENABLE_STRICT_OBJC_MSGSEND = YES;
				GCC_C_LANGUAGE_STANDARD = gnu11;
				GCC_NO_COMMON_BLOCKS = YES;
				GCC_WARN_64_TO_32_BIT_CONVERSION = YES;
				GCC_WARN_ABOUT_RETURN_TYPE = YES_ERROR;
				GCC_WARN_UNDECLARED_SELECTOR = YES;
				GCC_WARN_UNINITIALIZED_AUTOS = YES_AGGRESSIVE;
				GCC_WARN_UNUSED_FUNCTION = YES;
				GCC_WARN_UNUSED_VARIABLE = YES;
				IPHONEOS_DEPLOYMENT_TARGET = 16.4;
				MTL_ENABLE_DEBUG_INFO = NO;
				MTL_FAST_MATH = YES;
				SDKROOT = iphoneos;
				SWIFT_COMPILATION_MODE = wholemodule;
				SWIFT_OPTIMIZATION_LEVEL = "-O";
				VALIDATE_PRODUCT = YES;
			};
			name = Release;
		};
		EECEE4AE2A24F9F500249177 /* Debug */ = {
			isa = XCBuildConfiguration;
			buildSettings = {
				ASSETCATALOG_COMPILER_APPICON_NAME = AppIcon;
				ASSETCATALOG_COMPILER_GLOBAL_ACCENT_COLOR_NAME = AccentColor;
				CODE_SIGN_STYLE = Automatic;
				CURRENT_PROJECT_VERSION = 1;
				DEVELOPMENT_ASSET_PATHS = "\"DRP_32/Preview Content\"";
				DEVELOPMENT_TEAM = D5AN9Y8KCR;
				ENABLE_PREVIEWS = YES;
				GENERATE_INFOPLIST_FILE = YES;
				INFOPLIST_KEY_UIApplicationSceneManifest_Generation = YES;
				INFOPLIST_KEY_UIApplicationSupportsIndirectInputEvents = YES;
				INFOPLIST_KEY_UILaunchScreen_Generation = YES;
				INFOPLIST_KEY_UISupportedInterfaceOrientations_iPad = "UIInterfaceOrientationPortrait UIInterfaceOrientationPortraitUpsideDown UIInterfaceOrientationLandscapeLeft UIInterfaceOrientationLandscapeRight";
				INFOPLIST_KEY_UISupportedInterfaceOrientations_iPhone = "UIInterfaceOrientationPortrait UIInterfaceOrientationLandscapeLeft UIInterfaceOrientationLandscapeRight";
				LD_RUNPATH_SEARCH_PATHS = (
					"$(inherited)",
					"@executable_path/Frameworks",
				);
				MARKETING_VERSION = 1.0;
				PRODUCT_BUNDLE_IDENTIFIER = com.imperial.DRP2820345;
				PRODUCT_NAME = "$(TARGET_NAME)";
				SWIFT_EMIT_LOC_STRINGS = YES;
				SWIFT_VERSION = 5.0;
				TARGETED_DEVICE_FAMILY = "1,2";
			};
			name = Debug;
		};
		EECEE4AF2A24F9F500249177 /* Release */ = {
			isa = XCBuildConfiguration;
			buildSettings = {
				ASSETCATALOG_COMPILER_APPICON_NAME = AppIcon;
				ASSETCATALOG_COMPILER_GLOBAL_ACCENT_COLOR_NAME = AccentColor;
				CODE_SIGN_STYLE = Automatic;
				CURRENT_PROJECT_VERSION = 1;
				DEVELOPMENT_ASSET_PATHS = "\"DRP_32/Preview Content\"";
				DEVELOPMENT_TEAM = D5AN9Y8KCR;
				ENABLE_PREVIEWS = YES;
				GENERATE_INFOPLIST_FILE = YES;
				INFOPLIST_KEY_UIApplicationSceneManifest_Generation = YES;
				INFOPLIST_KEY_UIApplicationSupportsIndirectInputEvents = YES;
				INFOPLIST_KEY_UILaunchScreen_Generation = YES;
				INFOPLIST_KEY_UISupportedInterfaceOrientations_iPad = "UIInterfaceOrientationPortrait UIInterfaceOrientationPortraitUpsideDown UIInterfaceOrientationLandscapeLeft UIInterfaceOrientationLandscapeRight";
				INFOPLIST_KEY_UISupportedInterfaceOrientations_iPhone = "UIInterfaceOrientationPortrait UIInterfaceOrientationLandscapeLeft UIInterfaceOrientationLandscapeRight";
				LD_RUNPATH_SEARCH_PATHS = (
					"$(inherited)",
					"@executable_path/Frameworks",
				);
				MARKETING_VERSION = 1.0;
				PRODUCT_BUNDLE_IDENTIFIER = com.imperial.DRP2820345;
				PRODUCT_NAME = "$(TARGET_NAME)";
				SWIFT_EMIT_LOC_STRINGS = YES;
				SWIFT_VERSION = 5.0;
				TARGETED_DEVICE_FAMILY = "1,2";
			};
			name = Release;
		};
		EECEE4B12A24F9F500249177 /* Debug */ = {
			isa = XCBuildConfiguration;
			buildSettings = {
				ALWAYS_EMBED_SWIFT_STANDARD_LIBRARIES = YES;
				BUNDLE_LOADER = "$(TEST_HOST)";
				CODE_SIGN_STYLE = Automatic;
				CURRENT_PROJECT_VERSION = 1;
				GENERATE_INFOPLIST_FILE = YES;
				IPHONEOS_DEPLOYMENT_TARGET = 16.4;
				MARKETING_VERSION = 1.0;
				PRODUCT_BUNDLE_IDENTIFIER = "com.imperial.DRP-32Tests";
				PRODUCT_NAME = "$(TARGET_NAME)";
				SWIFT_EMIT_LOC_STRINGS = NO;
				SWIFT_VERSION = 5.0;
				TARGETED_DEVICE_FAMILY = "1,2";
				TEST_HOST = "$(BUILT_PRODUCTS_DIR)/DRP_32.app/$(BUNDLE_EXECUTABLE_FOLDER_PATH)/DRP_32";
			};
			name = Debug;
		};
		EECEE4B22A24F9F500249177 /* Release */ = {
			isa = XCBuildConfiguration;
			buildSettings = {
				ALWAYS_EMBED_SWIFT_STANDARD_LIBRARIES = YES;
				BUNDLE_LOADER = "$(TEST_HOST)";
				CODE_SIGN_STYLE = Automatic;
				CURRENT_PROJECT_VERSION = 1;
				GENERATE_INFOPLIST_FILE = YES;
				IPHONEOS_DEPLOYMENT_TARGET = 16.4;
				MARKETING_VERSION = 1.0;
				PRODUCT_BUNDLE_IDENTIFIER = "com.imperial.DRP-32Tests";
				PRODUCT_NAME = "$(TARGET_NAME)";
				SWIFT_EMIT_LOC_STRINGS = NO;
				SWIFT_VERSION = 5.0;
				TARGETED_DEVICE_FAMILY = "1,2";
				TEST_HOST = "$(BUILT_PRODUCTS_DIR)/DRP_32.app/$(BUNDLE_EXECUTABLE_FOLDER_PATH)/DRP_32";
			};
			name = Release;
		};
		EECEE4B42A24F9F500249177 /* Debug */ = {
			isa = XCBuildConfiguration;
			buildSettings = {
				ALWAYS_EMBED_SWIFT_STANDARD_LIBRARIES = YES;
				CODE_SIGN_STYLE = Automatic;
				CURRENT_PROJECT_VERSION = 1;
				GENERATE_INFOPLIST_FILE = YES;
				MARKETING_VERSION = 1.0;
				PRODUCT_BUNDLE_IDENTIFIER = "com.imperial.DRP-32UITests";
				PRODUCT_NAME = "$(TARGET_NAME)";
				SWIFT_EMIT_LOC_STRINGS = NO;
				SWIFT_VERSION = 5.0;
				TARGETED_DEVICE_FAMILY = "1,2";
				TEST_TARGET_NAME = DRP_32;
			};
			name = Debug;
		};
		EECEE4B52A24F9F500249177 /* Release */ = {
			isa = XCBuildConfiguration;
			buildSettings = {
				ALWAYS_EMBED_SWIFT_STANDARD_LIBRARIES = YES;
				CODE_SIGN_STYLE = Automatic;
				CURRENT_PROJECT_VERSION = 1;
				GENERATE_INFOPLIST_FILE = YES;
				MARKETING_VERSION = 1.0;
				PRODUCT_BUNDLE_IDENTIFIER = "com.imperial.DRP-32UITests";
				PRODUCT_NAME = "$(TARGET_NAME)";
				SWIFT_EMIT_LOC_STRINGS = NO;
				SWIFT_VERSION = 5.0;
				TARGETED_DEVICE_FAMILY = "1,2";
				TEST_TARGET_NAME = DRP_32;
			};
			name = Release;
		};
/* End XCBuildConfiguration section */

/* Begin XCConfigurationList section */
		EECEE4842A24F9F400249177 /* Build configuration list for PBXProject "DRP_32" */ = {
			isa = XCConfigurationList;
			buildConfigurations = (
				EECEE4AB2A24F9F500249177 /* Debug */,
				EECEE4AC2A24F9F500249177 /* Release */,
			);
			defaultConfigurationIsVisible = 0;
			defaultConfigurationName = Release;
		};
		EECEE4AD2A24F9F500249177 /* Build configuration list for PBXNativeTarget "DRP_32" */ = {
			isa = XCConfigurationList;
			buildConfigurations = (
				EECEE4AE2A24F9F500249177 /* Debug */,
				EECEE4AF2A24F9F500249177 /* Release */,
			);
			defaultConfigurationIsVisible = 0;
			defaultConfigurationName = Release;
		};
		EECEE4B02A24F9F500249177 /* Build configuration list for PBXNativeTarget "DRP_32Tests" */ = {
			isa = XCConfigurationList;
			buildConfigurations = (
				EECEE4B12A24F9F500249177 /* Debug */,
				EECEE4B22A24F9F500249177 /* Release */,
			);
			defaultConfigurationIsVisible = 0;
			defaultConfigurationName = Release;
		};
		EECEE4B32A24F9F500249177 /* Build configuration list for PBXNativeTarget "DRP_32UITests" */ = {
			isa = XCConfigurationList;
			buildConfigurations = (
				EECEE4B42A24F9F500249177 /* Debug */,
				EECEE4B52A24F9F500249177 /* Release */,
			);
			defaultConfigurationIsVisible = 0;
			defaultConfigurationName = Release;
		};
/* End XCConfigurationList section */
	};
	rootObject = EECEE4812A24F9F400249177 /* Project object */;
}
